
Microsoft Visual Studio Solution File, Format Version 12.00
# Visual Studio Version 17
VisualStudioVersion = 17.8.34330.188
MinimumVisualStudioVersion = 10.0.40219.1
Project("{FAE04EC0-301F-11D3-BF4B-00C04F79EFBC}") = "Dec18", "Dec18\Dec18.csproj", "{3FAD5E31-6B5F-49B4-AA95-DDDDCE3FEB69}"
EndProject
Global
	GlobalSection(SolutionConfigurationPlatforms) = preSolution
		Debug|Any CPU = Debug|Any CPU
		Release|Any CPU = Release|Any CPU
	EndGlobalSection
	GlobalSection(ProjectConfigurationPlatforms) = postSolution
		{3FAD5E31-6B5F-49B4-AA95-DDDDCE3FEB69}.Debug|Any CPU.ActiveCfg = Debug|Any CPU
		{3FAD5E31-6B5F-49B4-AA95-DDDDCE3FEB69}.Debug|Any CPU.Build.0 = Debug|Any CPU
		{3FAD5E31-6B5F-49B4-AA95-DDDDCE3FEB69}.Release|Any CPU.ActiveCfg = Release|Any CPU
		{3FAD5E31-6B5F-49B4-AA95-DDDDCE3FEB69}.Release|Any CPU.Build.0 = Release|Any CPU
	EndGlobalSection
	GlobalSection(SolutionProperties) = preSolution
		HideSolutionNode = FALSE
	EndGlobalSection
	GlobalSection(ExtensibilityGlobals) = postSolution
		SolutionGuid = {3C444C75-B336-4DB4-BC11-02AA5369F982}
	EndGlobalSection
EndGlobal
